
Microsoft Visual Studio Solution File, Format Version 12.00
# Visual Studio Version 16
VisualStudioVersion = 16.0.28922.388
MinimumVisualStudioVersion = 10.0.40219.1
Project("{FAE04EC0-301F-11D3-BF4B-00C04F79EFBC}") = "Student_management", "Student_management\Student_management.csproj", "{79BA77FC-18C5-4CAC-876A-9C324A6209B6}"
EndProject
Global
	GlobalSection(SolutionConfigurationPlatforms) = preSolution
		Debug|Any CPU = Debug|Any CPU
		Release|Any CPU = Release|Any CPU
	EndGlobalSection
	GlobalSection(ProjectConfigurationPlatforms) = postSolution
		{79BA77FC-18C5-4CAC-876A-9C324A6209B6}.Debug|Any CPU.ActiveCfg = Debug|Any CPU
		{79BA77FC-18C5-4CAC-876A-9C324A6209B6}.Debug|Any CPU.Build.0 = Debug|Any CPU
		{79BA77FC-18C5-4CAC-876A-9C324A6209B6}.Release|Any CPU.ActiveCfg = Release|Any CPU
		{79BA77FC-18C5-4CAC-876A-9C324A6209B6}.Release|Any CPU.Build.0 = Release|Any CPU
	EndGlobalSection
	GlobalSection(SolutionProperties) = preSolution
		HideSolutionNode = FALSE
	EndGlobalSection
	GlobalSection(ExtensibilityGlobals) = postSolution
		SolutionGuid = {6BC1D378-9F28-4304-BBBF-7055E137D031}
	EndGlobalSection
EndGlobal
